{
  "name": "snippets",
  "version": "1.0.0",
  "lockfileVersion": 1,
  "requires": true,
  "dependencies": {
    "@liskhq/lisk-api-client": {
      "version": "5.0.2",
      "resolved": "https://registry.npmjs.org/@liskhq/lisk-api-client/-/lisk-api-client-5.0.2.tgz",
      "integrity": "sha512-Gg0PjzJRQqWG4O0AZ7rhL2s+ECqOGZBFN8bwZPc/Y9c9KYWHqWpispu8OqA+TL5bDNBtxfobsOFp6fmocgufUw==",
      "requires": {
        "@liskhq/lisk-codec": "^0.1.0",
        "@liskhq/lisk-cryptography": "^3.0.0",
        "@liskhq/lisk-transactions": "^5.0.1",
        "isomorphic-ws": "4.0.1",
        "pm2-axon": "4.0.0",
        "pm2-axon-rpc": "0.6.0",
        "ws": "7.4.0"
      }
    },
    "@liskhq/lisk-codec": {
      "version": "0.1.0",
      "resolved": "https://registry.npmjs.org/@liskhq/lisk-codec/-/lisk-codec-0.1.0.tgz",
      "integrity": "sha512-VM5aF23JoLDuRI6pJ76QN3UymcxT6isgfRTtdD0DkUzoYkB1VrM2TvrmJenF7FRApJc0bCh/cGBtVKDTLyto5g==",
      "requires": {
        "@liskhq/lisk-utils": "^0.1.0",
        "@liskhq/lisk-validator": "^0.5.0"
      }
    },
    "@liskhq/lisk-cryptography": {
      "version": "3.0.0",
      "resolved": "https://registry.npmjs.org/@liskhq/lisk-cryptography/-/lisk-cryptography-3.0.0.tgz",
      "integrity": "sha512-eJqfHJjyZX7lRWFFHig3Y8e6oq4ineuEFj79OZjyLGn5KGyWCaYNdA2/enG1fdku8u6PC6prpQ3X9ew+gKTAeA==",
      "requires": {
        "buffer-reverse": "1.0.1",
        "ed2curve": "0.3.0",
        "sodium-native": "3.2.0",
        "tweetnacl": "1.0.3",
        "varuint-bitcoin": "1.1.2"
      }
    },
    "@liskhq/lisk-transactions": {
      "version": "5.0.1",
      "resolved": "https://registry.npmjs.org/@liskhq/lisk-transactions/-/lisk-transactions-5.0.1.tgz",
      "integrity": "sha512-mkOhrJlP1UW6gCQ9QXwxRVsrwbux40jpK7X1lDt3UdBQHB0/Tu17eXESv4nShMuvp/LMmhwwABgVNcCkixrHOg==",
      "requires": {
        "@liskhq/lisk-codec": "^0.1.0",
        "@liskhq/lisk-cryptography": "^3.0.0",
        "@liskhq/lisk-validator": "^0.5.0"
      }
    },
    "@liskhq/lisk-utils": {
      "version": "0.1.0",
      "resolved": "https://registry.npmjs.org/@liskhq/lisk-utils/-/lisk-utils-0.1.0.tgz",
      "integrity": "sha512-PR36Rxk6Nhg8Z6vvEIOpbeTuISaw23It6WhVyxEibH2RN2UPpUwDWR60BcIqZtR1FCK5vEcDMTvBXu1FgawbdA==",
      "requires": {
        "lodash.clonedeep": "4.5.0"
      }
    },
    "@liskhq/lisk-validator": {
      "version": "0.5.0",
      "resolved": "https://registry.npmjs.org/@liskhq/lisk-validator/-/lisk-validator-0.5.0.tgz",
      "integrity": "sha512-V3WlzR3ASs/y4fhZ6FB2DGeUCNJwwH6KiqNBjMsR3LAUhbx5GsSTa+DeqcCSrjhhjTPxHN4lycxcIJn0M/ipSw==",
      "requires": {
        "@liskhq/lisk-cryptography": "^3.0.0",
        "@types/node": "12.12.11",
        "@types/semver": "7.1.0",
        "@types/validator": "12.0.1",
        "ajv": "6.12.0",
        "debug": "4.1.1",
        "semver": "7.1.3",
        "validator": "12.2.0"
      }
    },
    "@types/node": {
      "version": "12.12.11",
      "resolved": "https://registry.npmjs.org/@types/node/-/node-12.12.11.tgz",
      "integrity": "sha512-O+x6uIpa6oMNTkPuHDa9MhMMehlxLAd5QcOvKRjAFsBVpeFWTOPnXbDvILvFgFFZfQ1xh1EZi1FbXxUix+zpsQ=="
    },
    "@types/semver": {
      "version": "7.1.0",
      "resolved": "https://registry.npmjs.org/@types/semver/-/semver-7.1.0.tgz",
      "integrity": "sha512-pOKLaubrAEMUItGNpgwl0HMFPrSAFic8oSVIvfu1UwcgGNmNyK9gyhBHKmBnUTwwVvpZfkzUC0GaMgnL6P86uA==",
      "requires": {
        "@types/node": "*"
      }
    },
    "@types/validator": {
      "version": "12.0.1",
      "resolved": "https://registry.npmjs.org/@types/validator/-/validator-12.0.1.tgz",
      "integrity": "sha512-l57fIANZLMe8DArz+SDb+7ATXnDm15P7u2wHBw5mb0aSMd+UuvmvhouBF2hdLgQPDMJ39sh9g2MJO4GkZ0VAdQ=="
    },
    "ajv": {
      "version": "6.12.0",
      "resolved": "https://registry.npmjs.org/ajv/-/ajv-6.12.0.tgz",
      "integrity": "sha512-D6gFiFA0RRLyUbvijN74DWAjXSFxWKaWP7mldxkVhyhAV3+SWA9HEJPHQ2c9soIeTFJqcSdFDGFgdqs1iUU2Hw==",
      "requires": {
        "fast-deep-equal": "^3.1.1",
        "fast-json-stable-stringify": "^2.0.0",
        "json-schema-traverse": "^0.4.1",
        "uri-js": "^4.2.2"
      }
    },
    "amp": {
      "version": "0.3.1",
      "resolved": "https://registry.npmjs.org/amp/-/amp-0.3.1.tgz",
      "integrity": "sha1-at+NWKdPNh6CwfqNOJwHnhOfxH0="
    },
    "amp-message": {
      "version": "0.1.2",
      "resolved": "https://registry.npmjs.org/amp-message/-/amp-message-0.1.2.tgz",
      "integrity": "sha1-p48cmJlQh602GSpBKY5NtJ49/EU=",
      "requires": {
        "amp": "0.3.1"
      }
    },
    "buffer-reverse": {
      "version": "1.0.1",
      "resolved": "https://registry.npmjs.org/buffer-reverse/-/buffer-reverse-1.0.1.tgz",
      "integrity": "sha1-SSg8jvpvkBvAH6MwTQYCeXGuL2A="
    },
    "debug": {
      "version": "4.1.1",
      "resolved": "https://registry.npmjs.org/debug/-/debug-4.1.1.tgz",
      "integrity": "sha512-pYAIzeRo8J6KPEaJ0VWOh5Pzkbw/RetuzehGM7QRRX5he4fPHx2rdKMB256ehJCkX+XRQm16eZLqLNS8RSZXZw==",
      "requires": {
        "ms": "^2.1.1"
      }
    },
    "ed2curve": {
      "version": "0.3.0",
      "resolved": "https://registry.npmjs.org/ed2curve/-/ed2curve-0.3.0.tgz",
      "integrity": "sha512-8w2fmmq3hv9rCrcI7g9hms2pMunQr1JINfcjwR9tAyZqhtyaMN991lF/ZfHfr5tzZQ8c7y7aBgZbjfbd0fjFwQ==",
      "requires": {
        "tweetnacl": "1.x.x"
      }
    },
    "escape-string-regexp": {
      "version": "4.0.0",
      "resolved": "https://registry.npmjs.org/escape-string-regexp/-/escape-string-regexp-4.0.0.tgz",
      "integrity": "sha512-TtpcNJ3XAzx3Gq8sWRzJaVajRs0uVxA2YAkdb1jm2YkPz4G6egUFAyA3n5vtEIZefPk5Wa4UXbKuS5fKkJWdgA=="
    },
    "fast-deep-equal": {
      "version": "3.1.3",
      "resolved": "https://registry.npmjs.org/fast-deep-equal/-/fast-deep-equal-3.1.3.tgz",
      "integrity": "sha512-f3qQ9oQy9j2AhBe/H9VC91wLmKBCCU/gDOnKNAYG5hswO7BLKj09Hc5HYNz9cGI++xlpDCIgDaitVs03ATR84Q=="
    },
    "fast-json-stable-stringify": {
      "version": "2.1.0",
      "resolved": "https://registry.npmjs.org/fast-json-stable-stringify/-/fast-json-stable-stringify-2.1.0.tgz",
      "integrity": "sha512-lhd/wF+Lk98HZoTCtlVraHtfh5XYijIjalXck7saUtuanSDyLMxnHhSXEDJqHxD7msR8D0uCmqlkwjCV8xvwHw=="
    },
    "ini": {
      "version": "1.3.8",
      "resolved": "https://registry.npmjs.org/ini/-/ini-1.3.8.tgz",
      "integrity": "sha512-JV/yugV2uzW5iMRSiZAyDtQd+nxtUnjeLt0acNdw98kKLrvuRVyB80tsREOE7yvGVgalhZ6RNXCmEHkUKBKxew==",
      "optional": true
    },
    "isomorphic-ws": {
      "version": "4.0.1",
      "resolved": "https://registry.npmjs.org/isomorphic-ws/-/isomorphic-ws-4.0.1.tgz",
      "integrity": "sha512-BhBvN2MBpWTaSHdWRb/bwdZJ1WaehQ2L1KngkCkfLUGF0mAWAT1sQUQacEmQ0jXkFw/czDXPNQSL5u2/Krsz1w=="
    },
    "json-schema-traverse": {
      "version": "0.4.1",
      "resolved": "https://registry.npmjs.org/json-schema-traverse/-/json-schema-traverse-0.4.1.tgz",
      "integrity": "sha512-xbbCH5dCYU5T8LcEhhuh7HJ88HXuW3qsI3Y0zOZFKfZEHcpWiHU/Jxzk629Brsab/mMiHQti9wMP+845RPe3Vg=="
    },
    "lodash.clonedeep": {
      "version": "4.5.0",
      "resolved": "https://registry.npmjs.org/lodash.clonedeep/-/lodash.clonedeep-4.5.0.tgz",
      "integrity": "sha1-4j8/nE+Pvd6HJSnBBxhXoIblzO8="
    },
    "ms": {
      "version": "2.1.3",
      "resolved": "https://registry.npmjs.org/ms/-/ms-2.1.3.tgz",
      "integrity": "sha512-6FlzubTLZG3J2a/NVCAleEhjzq5oxgHyaCU9yYXvcLsvoVaHJq/s5xXI6/XXP6tz7R9xAOtHnSO/tXtF3WRTlA=="
    },
    "node-gyp-build": {
      "version": "4.2.3",
      "resolved": "https://registry.npmjs.org/node-gyp-build/-/node-gyp-build-4.2.3.tgz",
      "integrity": "sha512-MN6ZpzmfNCRM+3t57PTJHgHyw/h4OWnZ6mR8P5j/uZtqQr46RRuDE/P+g3n0YR/AiYXeWixZZzaip77gdICfRg==",
      "optional": true
    },
    "pm2-axon": {
      "version": "4.0.0",
      "resolved": "https://registry.npmjs.org/pm2-axon/-/pm2-axon-4.0.0.tgz",
      "integrity": "sha512-A8dy0C57cRIm+kX58HrMcnvUdg8EdwCuCmavDdmFE4eoUE+5zfwGbDfZKCBVLNpDwjXPuXQQYZi3wQt/5xC8DQ==",
      "requires": {
        "amp": "~0.3.1",
        "amp-message": "~0.1.1",
        "debug": "^4.2",
        "escape-string-regexp": "^4.0.0"
      },
      "dependencies": {
        "debug": {
          "version": "4.3.1",
          "resolved": "https://registry.npmjs.org/debug/-/debug-4.3.1.tgz",
          "integrity": "sha512-doEwdvm4PCeK4K3RQN2ZC2BYUBaxwLARCqZmMjtF8a51J2Rb0xpVloFRnCODwqjpwnAoao4pelN8l3RJdv3gRQ==",
          "requires": {
            "ms": "2.1.2"
          }
        },
        "ms": {
          "version": "2.1.2",
          "resolved": "https://registry.npmjs.org/ms/-/ms-2.1.2.tgz",
          "integrity": "sha512-sGkPx+VjMtmA6MX27oA4FBFELFCZZ4S4XqeGOXCv68tT+jb3vk/RyaKWP0PTKyWtmLSM0b+adUTEvbs1PEaH2w=="
        }
      }
    },
    "pm2-axon-rpc": {
      "version": "0.6.0",
      "resolved": "https://registry.npmjs.org/pm2-axon-rpc/-/pm2-axon-rpc-0.6.0.tgz",
      "integrity": "sha512-xjYR0y1HpOopJ09VL2Qd5H1LajVN+QLPVZ1G+GesbORJDAZiStMhwECtOzm/Gx5ANQxL0usW8WZsElMfQq2hbw==",
      "requires": {
        "debug": "^3.0"
      },
      "dependencies": {
        "debug": {
          "version": "3.2.7",
          "resolved": "https://registry.npmjs.org/debug/-/debug-3.2.7.tgz",
          "integrity": "sha512-CFjzYYAi4ThfiQvizrFQevTTXHtnCqWfe7x1AhgEscTz6ZbLbfoLRLPugTQyBth6f8ZERVUSyWHFD/7Wu4t1XQ==",
          "requires": {
            "ms": "^2.1.1"
          }
        }
      }
    },
    "punycode": {
      "version": "2.1.1",
      "resolved": "https://registry.npmjs.org/punycode/-/punycode-2.1.1.tgz",
      "integrity": "sha512-XRsRjdf+j5ml+y/6GKHPZbrF/8p2Yga0JPtdqTIY2Xe5ohJPD9saDJJLPvp9+NSBprVvevdXZybnj2cv8OEd0A=="
    },
    "safe-buffer": {
      "version": "5.2.1",
      "resolved": "https://registry.npmjs.org/safe-buffer/-/safe-buffer-5.2.1.tgz",
      "integrity": "sha512-rp3So07KcdmmKbGvgaNxQSJr7bGVSVk5S9Eq1F+ppbRo70+YeaDxkw5Dd8NPN+GD6bjnYm2VuPuCXmpuYvmCXQ=="
    },
    "semver": {
      "version": "7.1.3",
      "resolved": "https://registry.npmjs.org/semver/-/semver-7.1.3.tgz",
      "integrity": "sha512-ekM0zfiA9SCBlsKa2X1hxyxiI4L3B6EbVJkkdgQXnSEEaHlGdvyodMruTiulSRWMMB4NeIuYNMC9rTKTz97GxA=="
    },
    "sodium-native": {
      "version": "3.2.0",
      "resolved": "https://registry.npmjs.org/sodium-native/-/sodium-native-3.2.0.tgz",
      "integrity": "sha512-8aq/vQSegLwsRch8Sb/Bpf9aAqlNe5dp0+NVhb9UjHv42zDZ0D5zX3wBRUbXK9Ejum9uZE6DUgT4vVLlUFRBWg==",
      "optional": true,
      "requires": {
        "ini": "^1.3.5",
        "node-gyp-build": "^4.2.0"
      }
    },
    "tweetnacl": {
      "version": "1.0.3",
      "resolved": "https://registry.npmjs.org/tweetnacl/-/tweetnacl-1.0.3.tgz",
      "integrity": "sha512-6rt+RN7aOi1nGMyC4Xa5DdYiukl2UWCbcJft7YhxReBGQD7OAM8Pbxw6YMo4r2diNEA8FEmu32YOn9rhaiE5yw=="
    },
    "uri-js": {
      "version": "4.4.1",
      "resolved": "https://registry.npmjs.org/uri-js/-/uri-js-4.4.1.tgz",
      "integrity": "sha512-7rKUyy33Q1yc98pQ1DAmLtwX109F7TIfWlW1Ydo8Wl1ii1SeHieeh0HHfPeL2fMXK6z0s8ecKs9frCuLJvndBg==",
      "requires": {
        "punycode": "^2.1.0"
      }
    },
    "validator": {
      "version": "12.2.0",
      "resolved": "https://registry.npmjs.org/validator/-/validator-12.2.0.tgz",
      "integrity": "sha512-jJfE/DW6tIK1Ek8nCfNFqt8Wb3nzMoAbocBF6/Icgg1ZFSBpObdnwVY2jQj6qUqzhx5jc71fpvBWyLGO7Xl+nQ=="
    },
    "varuint-bitcoin": {
      "version": "1.1.2",
      "resolved": "https://registry.npmjs.org/varuint-bitcoin/-/varuint-bitcoin-1.1.2.tgz",
      "integrity": "sha512-4EVb+w4rx+YfVM32HQX42AbbT7/1f5zwAYhIujKXKk8NQK+JfRVl3pqT3hjNn/L+RstigmGGKVwHA/P0wgITZw==",
      "requires": {
        "safe-buffer": "^5.1.1"
      }
    },
    "ws": {
      "version": "7.4.0",
      "resolved": "https://registry.npmjs.org/ws/-/ws-7.4.0.tgz",
      "integrity": "sha512-kyFwXuV/5ymf+IXhS6f0+eAFvydbaBW3zjpT6hUdAh/hbVjTIB5EHBGi0bPoCLSK2wcuz3BrEkB9LrYv1Nm4NQ=="
    }
  }
}
